// !$*UTF8*$!
{
	archiveVersion = 1;
	classes = {
	};
	objectVersion = 46;
	objects = {

/* Begin PBXBuildFile section */
		CA0082AA1D2450E900D80659 /* AppDelegate.swift in Sources */ = {isa = PBXBuildFile; fileRef = CA0082A91D2450E900D80659 /* AppDelegate.swift */; };
		CA0082AC1D2450E900D80659 /* RecordSoundsViewController.swift in Sources */ = {isa = PBXBuildFile; fileRef = CA0082AB1D2450E900D80659 /* RecordSoundsViewController.swift */; };
		CA0082AF1D2450E900D80659 /* Main.storyboard in Resources */ = {isa = PBXBuildFile; fileRef = CA0082AD1D2450E900D80659 /* Main.storyboard */; };
		CA0082B11D2450E900D80659 /* Assets.xcassets in Resources */ = {isa = PBXBuildFile; fileRef = CA0082B01D2450E900D80659 /* Assets.xcassets */; };
		CA0082B41D2450E900D80659 /* LaunchScreen.storyboard in Resources */ = {isa = PBXBuildFile; fileRef = CA0082B21D2450E900D80659 /* LaunchScreen.storyboard */; };
		CA0082BF1D2450E900D80659 /* PitchPerfectTests.swift in Sources */ = {isa = PBXBuildFile; fileRef = CA0082BE1D2450E900D80659 /* PitchPerfectTests.swift */; };
		CA0082CA1D2450E900D80659 /* PitchPerfectUITests.swift in Sources */ = {isa = PBXBuildFile; fileRef = CA0082C91D2450E900D80659 /* PitchPerfectUITests.swift */; };
		CA0082D81D26EB1800D80659 /* PlaySoundsViewController.swift in Sources */ = {isa = PBXBuildFile; fileRef = CA0082D71D26EB1800D80659 /* PlaySoundsViewController.swift */; };
		CA0082DA1D2795F800D80659 /* PlaySoundsViewController+Audio.swift in Sources */ = {isa = PBXBuildFile; fileRef = CA0082D91D2795F800D80659 /* PlaySoundsViewController+Audio.swift */; };
/* End PBXBuildFile section */

/* Begin PBXContainerItemProxy section */
		CA0082BB1D2450E900D80659 /* PBXContainerItemProxy */ = {
			isa = PBXContainerItemProxy;
			containerPortal = CA00829E1D2450E900D80659 /* Project object */;
			proxyType = 1;
			remoteGlobalIDString = CA0082A51D2450E900D80659;
			remoteInfo = PitchPerfect;
		};
		CA0082C61D2450E900D80659 /* PBXContainerItemProxy */ = {
			isa = PBXContainerItemProxy;
			containerPortal = CA00829E1D2450E900D80659 /* Project object */;
			proxyType = 1;
			remoteGlobalIDString = CA0082A51D2450E900D80659;
			remoteInfo = PitchPerfect;
		};
/* End PBXContainerItemProxy section */

/* Begin PBXFileReference section */
		CA0082A61D2450E900D80659 /* PitchPerfect.app */ = {isa = PBXFileReference; explicitFileType = wrapper.application; includeInIndex = 0; path = PitchPerfect.app; sourceTree = BUILT_PRODUCTS_DIR; };
		CA0082A91D2450E900D80659 /* AppDelegate.swift */ = {isa = PBXFileReference; lastKnownFileType = sourcecode.swift; path = AppDelegate.swift; sourceTree = "<group>"; };
		CA0082AB1D2450E900D80659 /* RecordSoundsViewController.swift */ = {isa = PBXFileReference; lastKnownFileType = sourcecode.swift; path = RecordSoundsViewController.swift; sourceTree = "<group>"; };
		CA0082AE1D2450E900D80659 /* Base */ = {isa = PBXFileReference; lastKnownFileType = file.storyboard; name = Base; path = Base.lproj/Main.storyboard; sourceTree = "<group>"; };
		CA0082B01D2450E900D80659 /* Assets.xcassets */ = {isa = PBXFileReference; lastKnownFileType = folder.assetcatalog; path = Assets.xcassets; sourceTree = "<group>"; };
		CA0082B31D2450E900D80659 /* Base */ = {isa = PBXFileReference; lastKnownFileType = file.storyboard; name = Base; path = Base.lproj/LaunchScreen.storyboard; sourceTree = "<group>"; };
		CA0082B51D2450E900D80659 /* Info.plist */ = {isa = PBXFileReference; lastKnownFileType = text.plist.xml; path = Info.plist; sourceTree = "<group>"; };
		CA0082BA1D2450E900D80659 /* PitchPerfectTests.xctest */ = {isa = PBXFileReference; explicitFileType = wrapper.cfbundle; includeInIndex = 0; path = PitchPerfectTests.xctest; sourceTree = BUILT_PRODUCTS_DIR; };
		CA0082BE1D2450E900D80659 /* PitchPerfectTests.swift */ = {isa = PBXFileReference; lastKnownFileType = sourcecode.swift; path = PitchPerfectTests.swift; sourceTree = "<group>"; };
		CA0082C01D2450E900D80659 /* Info.plist */ = {isa = PBXFileReference; lastKnownFileType = text.plist.xml; path = Info.plist; sourceTree = "<group>"; };
		CA0082C51D2450E900D80659 /* PitchPerfectUITests.xctest */ = {isa = PBXFileReference; explicitFileType = wrapper.cfbundle; includeInIndex = 0; path = PitchPerfectUITests.xctest; sourceTree = BUILT_PRODUCTS_DIR; };
		CA0082C91D2450E900D80659 /* PitchPerfectUITests.swift */ = {isa = PBXFileReference; lastKnownFileType = sourcecode.swift; path = PitchPerfectUITests.swift; sourceTree = "<group>"; };
		CA0082CB1D2450E900D80659 /* Info.plist */ = {isa = PBXFileReference; lastKnownFileType = text.plist.xml; path = Info.plist; sourceTree = "<group>"; };
		CA0082D71D26EB1800D80659 /* PlaySoundsViewController.swift */ = {isa = PBXFileReference; fileEncoding = 4; lastKnownFileType = sourcecode.swift; path = PlaySoundsViewController.swift; sourceTree = "<group>"; };
		CA0082D91D2795F800D80659 /* PlaySoundsViewController+Audio.swift */ = {isa = PBXFileReference; fileEncoding = 4; lastKnownFileType = sourcecode.swift; path = "PlaySoundsViewController+Audio.swift"; sourceTree = "<group>"; };
/* End PBXFileReference section */

/* Begin PBXFrameworksBuildPhase section */
		CA0082A31D2450E900D80659 /* Frameworks */ = {
			isa = PBXFrameworksBuildPhase;
			buildActionMask = 2147483647;
			files = (
			);
			runOnlyForDeploymentPostprocessing = 0;
		};
		CA0082B71D2450E900D80659 /* Frameworks */ = {
			isa = PBXFrameworksBuildPhase;
			buildActionMask = 2147483647;
			files = (
			);
			runOnlyForDeploymentPostprocessing = 0;
		};
		CA0082C21D2450E900D80659 /* Frameworks */ = {
			isa = PBXFrameworksBuildPhase;
			buildActionMask = 2147483647;
			files = (
			);
			runOnlyForDeploymentPostprocessing = 0;
		};
/* End PBXFrameworksBuildPhase section */

/* Begin PBXGroup section */
		CA00829D1D2450E900D80659 = {
			isa = PBXGroup;
			children = (
				CA0082A81D2450E900D80659 /* PitchPerfect */,
				CA0082BD1D2450E900D80659 /* PitchPerfectTests */,
				CA0082C81D2450E900D80659 /* PitchPerfectUITests */,
				CA0082A71D2450E900D80659 /* Products */,
			);
			sourceTree = "<group>";
		};
		CA0082A71D2450E900D80659 /* Products */ = {
			isa = PBXGroup;
			children = (
				CA0082A61D2450E900D80659 /* PitchPerfect.app */,
				CA0082BA1D2450E900D80659 /* PitchPerfectTests.xctest */,
				CA0082C51D2450E900D80659 /* PitchPerfectUITests.xctest */,
			);
			name = Products;
			sourceTree = "<group>";
		};
		CA0082A81D2450E900D80659 /* PitchPerfect */ = {
			isa = PBXGroup;
			children = (
				CA0082A91D2450E900D80659 /* AppDelegate.swift */,
				CA0082AB1D2450E900D80659 /* RecordSoundsViewController.swift */,
				CA0082D91D2795F800D80659 /* PlaySoundsViewController+Audio.swift */,
				CA0082AD1D2450E900D80659 /* Main.storyboard */,
				CA0082D71D26EB1800D80659 /* PlaySoundsViewController.swift */,
				CA0082B01D2450E900D80659 /* Assets.xcassets */,
				CA0082B21D2450E900D80659 /* LaunchScreen.storyboard */,
				CA0082B51D2450E900D80659 /* Info.plist */,
			);
			path = PitchPerfect;
			sourceTree = "<group>";
		};
		CA0082BD1D2450E900D80659 /* PitchPerfectTests */ = {
			isa = PBXGroup;
			children = (
				CA0082BE1D2450E900D80659 /* PitchPerfectTests.swift */,
				CA0082C01D2450E900D80659 /* Info.plist */,
			);
			path = PitchPerfectTests;
			sourceTree = "<group>";
		};
		CA0082C81D2450E900D80659 /* PitchPerfectUITests */ = {
			isa = PBXGroup;
			children = (
				CA0082C91D2450E900D80659 /* PitchPerfectUITests.swift */,
				CA0082CB1D2450E900D80659 /* Info.plist */,
			);
			path = PitchPerfectUITests;
			sourceTree = "<group>";
		};
/* End PBXGroup section */

/* Begin PBXNativeTarget section */
		CA0082A51D2450E900D80659 /* PitchPerfect */ = {
			isa = PBXNativeTarget;
			buildConfigurationList = CA0082CE1D2450E900D80659 /* Build configuration list for PBXNativeTarget "PitchPerfect" */;
			buildPhases = (
				CA0082A21D2450E900D80659 /* Sources */,
				CA0082A31D2450E900D80659 /* Frameworks */,
				CA0082A41D2450E900D80659 /* Resources */,
			);
			buildRules = (
			);
			dependencies = (
			);
			name = PitchPerfect;
			productName = PitchPerfect;
			productReference = CA0082A61D2450E900D80659 /* PitchPerfect.app */;
			productType = "com.apple.product-type.application";
		};
		CA0082B91D2450E900D80659 /* PitchPerfectTests */ = {
			isa = PBXNativeTarget;
			buildConfigurationList = CA0082D11D2450E900D80659 /* Build configuration list for PBXNativeTarget "PitchPerfectTests" */;
			buildPhases = (
				CA0082B61D2450E900D80659 /* Sources */,
				CA0082B71D2450E900D80659 /* Frameworks */,
				CA0082B81D2450E900D80659 /* Resources */,
			);
			buildRules = (
			);
			dependencies = (
				CA0082BC1D2450E900D80659 /* PBXTargetDependency */,
			);
			name = PitchPerfectTests;
			productName = PitchPerfectTests;
			productReference = CA0082BA1D2450E900D80659 /* PitchPerfectTests.xctest */;
			productType = "com.apple.product-type.bundle.unit-test";
		};
		CA0082C41D2450E900D80659 /* PitchPerfectUITests */ = {
			isa = PBXNativeTarget;
			buildConfigurationList = CA0082D41D2450E900D80659 /* Build configuration list for PBXNativeTarget "PitchPerfectUITests" */;
			buildPhases = (
				CA0082C11D2450E900D80659 /* Sources */,
				CA0082C21D2450E900D80659 /* Frameworks */,
				CA0082C31D2450E900D80659 /* Resources */,
			);
			buildRules = (
			);
			dependencies = (
				CA0082C71D2450E900D80659 /* PBXTargetDependency */,
			);
			name = PitchPerfectUITests;
			productName = PitchPerfectUITests;
			productReference = CA0082C51D2450E900D80659 /* PitchPerfectUITests.xctest */;
			productType = "com.apple.product-type.bundle.ui-testing";
		};
/* End PBXNativeTarget section */

/* Begin PBXProject section */
		CA00829E1D2450E900D80659 /* Project object */ = {
			isa = PBXProject;
			attributes = {
				LastSwiftUpdateCheck = 0730;
				LastUpgradeCheck = 0730;
				ORGANIZATIONNAME = "Carlos De la mora";
				TargetAttributes = {
					CA0082A51D2450E900D80659 = {
						CreatedOnToolsVersion = 7.3.1;
					};
					CA0082B91D2450E900D80659 = {
						CreatedOnToolsVersion = 7.3.1;
						TestTargetID = CA0082A51D2450E900D80659;
					};
					CA0082C41D2450E900D80659 = {
						CreatedOnToolsVersion = 7.3.1;
						TestTargetID = CA0082A51D2450E900D80659;
					};
				};
			};
			buildConfigurationList = CA0082A11D2450E900D80659 /* Build configuration list for PBXProject "PitchPerfect" */;
			compatibilityVersion = "Xcode 3.2";
			developmentRegion = English;
			hasScannedForEncodings = 0;
			knownRegions = (
				en,
				Base,
			);
			mainGroup = CA00829D1D2450E900D80659;
			productRefGroup = CA0082A71D2450E900D80659 /* Products */;
			projectDirPath = "";
			projectRoot = "";
			targets = (
				CA0082A51D2450E900D80659 /* PitchPerfect */,
				CA0082B91D2450E900D80659 /* PitchPerfectTests */,
				CA0082C41D2450E900D80659 /* PitchPerfectUITests */,
			);
		};
/* End PBXProject section */

/* Begin PBXResourcesBuildPhase section */
		CA0082A41D2450E900D80659 /* Resources */ = {
			isa = PBXResourcesBuildPhase;
			buildActionMask = 2147483647;
			files = (
				CA0082B41D2450E900D80659 /* LaunchScreen.storyboard in Resources */,
				CA0082B11D2450E900D80659 /* Assets.xcassets in Resources */,
				CA0082AF1D2450E900D80659 /* Main.storyboard in Resources */,
			);
			runOnlyForDeploymentPostprocessing = 0;
		};
		CA0082B81D2450E900D80659 /* Resources */ = {
			isa = PBXResourcesBuildPhase;
			buildActionMask = 2147483647;
			files = (
			);
			runOnlyForDeploymentPostprocessing = 0;
		};
		CA0082C31D2450E900D80659 /* Resources */ = {
			isa = PBXResourcesBuildPhase;
			buildActionMask = 2147483647;
			files = (
			);
			runOnlyForDeploymentPostprocessing = 0;
		};
/* End PBXResourcesBuildPhase section */

/* Begin PBXSourcesBuildPhase section */
		CA0082A21D2450E900D80659 /* Sources */ = {
			isa = PBXSourcesBuildPhase;
			buildActionMask = 2147483647;
			files = (
				CA0082AC1D2450E900D80659 /* RecordSoundsViewController.swift in Sources */,
				CA0082DA1D2795F800D80659 /* PlaySoundsViewController+Audio.swift in Sources */,
				CA0082D81D26EB1800D80659 /* PlaySoundsViewController.swift in Sources */,
				CA0082AA1D2450E900D80659 /* AppDelegate.swift in Sources */,
			);
			runOnlyForDeploymentPostprocessing = 0;
		};
		CA0082B61D2450E900D80659 /* Sources */ = {
			isa = PBXSourcesBuildPhase;
			buildActionMask = 2147483647;
			files = (
				CA0082BF1D2450E900D80659 /* PitchPerfectTests.swift in Sources */,
			);
			runOnlyForDeploymentPostprocessing = 0;
		};
		CA0082C11D2450E900D80659 /* Sources */ = {
			isa = PBXSourcesBuildPhase;
			buildActionMask = 2147483647;
			files = (
				CA0082CA1D2450E900D80659 /* PitchPerfectUITests.swift in Sources */,
			);
			runOnlyForDeploymentPostprocessing = 0;
		};
/* End PBXSourcesBuildPhase section */

/* Begin PBXTargetDependency section */
		CA0082BC1D2450E900D80659 /* PBXTargetDependency */ = {
			isa = PBXTargetDependency;
			target = CA0082A51D2450E900D80659 /* PitchPerfect */;
			targetProxy = CA0082BB1D2450E900D80659 /* PBXContainerItemProxy */;
		};
		CA0082C71D2450E900D80659 /* PBXTargetDependency */ = {
			isa = PBXTargetDependency;
			target = CA0082A51D2450E900D80659 /* PitchPerfect */;
			targetProxy = CA0082C61D2450E900D80659 /* PBXContainerItemProxy */;
		};
/* End PBXTargetDependency section */

/* Begin PBXVariantGroup section */
		CA0082AD1D2450E900D80659 /* Main.storyboard */ = {
			isa = PBXVariantGroup;
			children = (
				CA0082AE1D2450E900D80659 /* Base */,
			);
			name = Main.storyboard;
			sourceTree = "<group>";
		};
		CA0082B21D2450E900D80659 /* LaunchScreen.storyboard */ = {
			isa = PBXVariantGroup;
			children = (
				CA0082B31D2450E900D80659 /* Base */,
			);
			name = LaunchScreen.storyboard;
			sourceTree = "<group>";
		};
/* End PBXVariantGroup section */

/* Begin XCBuildConfiguration section */
		CA0082CC1D2450E900D80659 /* Debug */ = {
			isa = XCBuildConfiguration;
			buildSettings = {
				ALWAYS_SEARCH_USER_PATHS = NO;
				CLANG_ANALYZER_NONNULL = YES;
				CLANG_CXX_LANGUAGE_STANDARD = "gnu++0x";
				CLANG_CXX_LIBRARY = "libc++";
				CLANG_ENABLE_MODULES = YES;
				CLANG_ENABLE_OBJC_ARC = YES;
				CLANG_WARN_BOOL_CONVERSION = YES;
				CLANG_WARN_CONSTANT_CONVERSION = YES;
				CLANG_WARN_DIRECT_OBJC_ISA_USAGE = YES_ERROR;
				CLANG_WARN_EMPTY_BODY = YES;
				CLANG_WARN_ENUM_CONVERSION = YES;
				CLANG_WARN_INT_CONVERSION = YES;
				CLANG_WARN_OBJC_ROOT_CLASS = YES_ERROR;
				CLANG_WARN_UNREACHABLE_CODE = YES;
				CLANG_WARN__DUPLICATE_METHOD_MATCH = YES;
				"CODE_SIGN_IDENTITY[sdk=iphoneos*]" = "iPhone Developer";
				COPY_PHASE_STRIP = NO;
				DEBUG_INFORMATION_FORMAT = dwarf;
				ENABLE_STRICT_OBJC_MSGSEND = YES;
				ENABLE_TESTABILITY = YES;
				GCC_C_LANGUAGE_STANDARD = gnu99;
				GCC_DYNAMIC_NO_PIC = NO;
				GCC_NO_COMMON_BLOCKS = YES;
				GCC_OPTIMIZATION_LEVEL = 0;
				GCC_PREPROCESSOR_DEFINITIONS = (
					"DEBUG=1",
					"$(inherited)",
				);
				GCC_WARN_64_TO_32_BIT_CONVERSION = YES;
				GCC_WARN_ABOUT_RETURN_TYPE = YES_ERROR;
				GCC_WARN_UNDECLARED_SELECTOR = YES;
				GCC_WARN_UNINITIALIZED_AUTOS = YES_AGGRESSIVE;
				GCC_WARN_UNUSED_FUNCTION = YES;
				GCC_WARN_UNUSED_VARIABLE = YES;
				IPHONEOS_DEPLOYMENT_TARGET = 9.3;
				MTL_ENABLE_DEBUG_INFO = YES;
				ONLY_ACTIVE_ARCH = YES;
				SDKROOT = iphoneos;
				SWIFT_OPTIMIZATION_LEVEL = "-Onone";
				TARGETED_DEVICE_FAMILY = "1,2";
			};
			name = Debug;
		};
		CA0082CD1D2450E900D80659 /* Release */ = {
			isa = XCBuildConfiguration;
			buildSettings = {
				ALWAYS_SEARCH_USER_PATHS = NO;
				CLANG_ANALYZER_NONNULL = YES;
				CLANG_CXX_LANGUAGE_STANDARD = "gnu++0x";
				CLANG_CXX_LIBRARY = "libc++";
				CLANG_ENABLE_MODULES = YES;
				CLANG_ENABLE_OBJC_ARC = YES;
				CLANG_WARN_BOOL_CONVERSION = YES;
				CLANG_WARN_CONSTANT_CONVERSION = YES;
				CLANG_WARN_DIRECT_OBJC_ISA_USAGE = YES_ERROR;
				CLANG_WARN_EMPTY_BODY = YES;
				CLANG_WARN_ENUM_CONVERSION = YES;
				CLANG_WARN_INT_CONVERSION = YES;
				CLANG_WARN_OBJC_ROOT_CLASS = YES_ERROR;
				CLANG_WARN_UNREACHABLE_CODE = YES;
				CLANG_WARN__DUPLICATE_METHOD_MATCH = YES;
				"CODE_SIGN_IDENTITY[sdk=iphoneos*]" = "iPhone Developer";
				COPY_PHASE_STRIP = NO;
				DEBUG_INFORMATION_FORMAT = "dwarf-with-dsym";
				ENABLE_NS_ASSERTIONS = NO;
				ENABLE_STRICT_OBJC_MSGSEND = YES;
				GCC_C_LANGUAGE_STANDARD = gnu99;
				GCC_NO_COMMON_BLOCKS = YES;
				GCC_WARN_64_TO_32_BIT_CONVERSION = YES;
				GCC_WARN_ABOUT_RETURN_TYPE = YES_ERROR;
				GCC_WARN_UNDECLARED_SELECTOR = YES;
				GCC_WARN_UNINITIALIZED_AUTOS = YES_AGGRESSIVE;
				GCC_WARN_UNUSED_FUNCTION = YES;
				GCC_WARN_UNUSED_VARIABLE = YES;
				IPHONEOS_DEPLOYMENT_TARGET = 9.3;
				MTL_ENABLE_DEBUG_INFO = NO;
				SDKROOT = iphoneos;
				TARGETED_DEVICE_FAMILY = "1,2";
				VALIDATE_PRODUCT = YES;
			};
			name = Release;
		};
		CA0082CF1D2450E900D80659 /* Debug */ = {
			isa = XCBuildConfiguration;
			buildSettings = {
				ASSETCATALOG_COMPILER_APPICON_NAME = AppIcon;
				INFOPLIST_FILE = PitchPerfect/Info.plist;
				LD_RUNPATH_SEARCH_PATHS = "$(inherited) @executable_path/Frameworks";
				PRODUCT_BUNDLE_IDENTIFIER = noCompany.PitchPerfect;
				PRODUCT_NAME = "$(TARGET_NAME)";
			};
			name = Debug;
		};
		CA0082D01D2450E900D80659 /* Release */ = {
			isa = XCBuildConfiguration;
			buildSettings = {
				ASSETCATALOG_COMPILER_APPICON_NAME = AppIcon;
				INFOPLIST_FILE = PitchPerfect/Info.plist;
				LD_RUNPATH_SEARCH_PATHS = "$(inherited) @executable_path/Frameworks";
				PRODUCT_BUNDLE_IDENTIFIER = noCompany.PitchPerfect;
				PRODUCT_NAME = "$(TARGET_NAME)";
			};
			name = Release;
		};
		CA0082D21D2450E900D80659 /* Debug */ = {
			isa = XCBuildConfiguration;
			buildSettings = {
				BUNDLE_LOADER = "$(TEST_HOST)";
				INFOPLIST_FILE = PitchPerfectTests/Info.plist;
				LD_RUNPATH_SEARCH_PATHS = "$(inherited) @executable_path/Frameworks @loader_path/Frameworks";
				PRODUCT_BUNDLE_IDENTIFIER = noCompany.PitchPerfectTests;
				PRODUCT_NAME = "$(TARGET_NAME)";
				TEST_HOST = "$(BUILT_PRODUCTS_DIR)/PitchPerfect.app/PitchPerfect";
			};
			name = Debug;
		};
		CA0082D31D2450E900D80659 /* Release */ = {
			isa = XCBuildConfiguration;
			buildSettings = {
				BUNDLE_LOADER = "$(TEST_HOST)";
				INFOPLIST_FILE = PitchPerfectTests/Info.plist;
				LD_RUNPATH_SEARCH_PATHS = "$(inherited) @executable_path/Frameworks @loader_path/Frameworks";
				PRODUCT_BUNDLE_IDENTIFIER = noCompany.PitchPerfectTests;
				PRODUCT_NAME = "$(TARGET_NAME)";
				TEST_HOST = "$(BUILT_PRODUCTS_DIR)/PitchPerfect.app/PitchPerfect";
			};
			name = Release;
		};
		CA0082D51D2450E900D80659 /* Debug */ = {
			isa = XCBuildConfiguration;
			buildSettings = {
				INFOPLIST_FILE = PitchPerfectUITests/Info.plist;
				LD_RUNPATH_SEARCH_PATHS = "$(inherited) @executable_path/Frameworks @loader_path/Frameworks";
				PRODUCT_BUNDLE_IDENTIFIER = noCompany.PitchPerfectUITests;
				PRODUCT_NAME = "$(TARGET_NAME)";
				TEST_TARGET_NAME = PitchPerfect;
			};
			name = Debug;
		};
		CA0082D61D2450E900D80659 /* Release */ = {
			isa = XCBuildConfiguration;
			buildSettings = {
				INFOPLIST_FILE = PitchPerfectUITests/Info.plist;
				LD_RUNPATH_SEARCH_PATHS = "$(inherited) @executable_path/Frameworks @loader_path/Frameworks";
				PRODUCT_BUNDLE_IDENTIFIER = noCompany.PitchPerfectUITests;
				PRODUCT_NAME = "$(TARGET_NAME)";
				TEST_TARGET_NAME = PitchPerfect;
			};
			name = Release;
		};
/* End XCBuildConfiguration section */

/* Begin XCConfigurationList section */
		CA0082A11D2450E900D80659 /* Build configuration list for PBXProject "PitchPerfect" */ = {
			isa = XCConfigurationList;
			buildConfigurations = (
				CA0082CC1D2450E900D80659 /* Debug */,
				CA0082CD1D2450E900D80659 /* Release */,
			);
			defaultConfigurationIsVisible = 0;
			defaultConfigurationName = Release;
		};
		CA0082CE1D2450E900D80659 /* Build configuration list for PBXNativeTarget "PitchPerfect" */ = {
			isa = XCConfigurationList;
			buildConfigurations = (
				CA0082CF1D2450E900D80659 /* Debug */,
				CA0082D01D2450E900D80659 /* Release */,
			);
			defaultConfigurationIsVisible = 0;
		};
		CA0082D11D2450E900D80659 /* Build configuration list for PBXNativeTarget "PitchPerfectTests" */ = {
			isa = XCConfigurationList;
			buildConfigurations = (
				CA0082D21D2450E900D80659 /* Debug */,
				CA0082D31D2450E900D80659 /* Release */,
			);
			defaultConfigurationIsVisible = 0;
		};
		CA0082D41D2450E900D80659 /* Build configuration list for PBXNativeTarget "PitchPerfectUITests" */ = {
			isa = XCConfigurationList;
			buildConfigurations = (
				CA0082D51D2450E900D80659 /* Debug */,
				CA0082D61D2450E900D80659 /* Release */,
			);
			defaultConfigurationIsVisible = 0;
		};
/* End XCConfigurationList section */
	};
	rootObject = CA00829E1D2450E900D80659 /* Project object */;
}
